
Microsoft Visual Studio Solution File, Format Version 12.00
# Visual Studio 15
VisualStudioVersion = 15.0.28010.2019
MinimumVisualStudioVersion = 10.0.40219.1
Project("{FAE04EC0-301F-11D3-BF4B-00C04F79EFBC}") = "Unit_test", "Unit_test\Unit_test.csproj", "{EA2CE150-4D0C-46E0-91FA-BA697A0DCF39}"
EndProject
Project("{FAE04EC0-301F-11D3-BF4B-00C04F79EFBC}") = "UnitTestProject", "UnitTestProject\UnitTestProject.csproj", "{9BC685AC-FBA7-4312-8510-00511CCDBC8A}"
EndProject
Global
	GlobalSection(SolutionConfigurationPlatforms) = preSolution
		Debug|Any CPU = Debug|Any CPU
		Release|Any CPU = Release|Any CPU
	EndGlobalSection
	GlobalSection(ProjectConfigurationPlatforms) = postSolution
		{EA2CE150-4D0C-46E0-91FA-BA697A0DCF39}.Debug|Any CPU.ActiveCfg = Debug|Any CPU
		{EA2CE150-4D0C-46E0-91FA-BA697A0DCF39}.Debug|Any CPU.Build.0 = Debug|Any CPU
		{EA2CE150-4D0C-46E0-91FA-BA697A0DCF39}.Release|Any CPU.ActiveCfg = Release|Any CPU
		{EA2CE150-4D0C-46E0-91FA-BA697A0DCF39}.Release|Any CPU.Build.0 = Release|Any CPU
		{9BC685AC-FBA7-4312-8510-00511CCDBC8A}.Debug|Any CPU.ActiveCfg = Debug|Any CPU
		{9BC685AC-FBA7-4312-8510-00511CCDBC8A}.Debug|Any CPU.Build.0 = Debug|Any CPU
		{9BC685AC-FBA7-4312-8510-00511CCDBC8A}.Release|Any CPU.ActiveCfg = Release|Any CPU
		{9BC685AC-FBA7-4312-8510-00511CCDBC8A}.Release|Any CPU.Build.0 = Release|Any CPU
	EndGlobalSection
	GlobalSection(SolutionProperties) = preSolution
		HideSolutionNode = FALSE
	EndGlobalSection
	GlobalSection(ExtensibilityGlobals) = postSolution
		SolutionGuid = {99FB72AD-20B1-4860-8CE7-6420D680DF48}
	EndGlobalSection
EndGlobal
